<?xml version="1.0" encoding="utf-8"?>
<Project ToolsVersion="4.0" xmlns="http://schemas.microsoft.com/developer/msbuild/2003">
  <ItemGroup>
    <CudaCompile Include="GpuIndex.cu" />
    <CudaCompile Include="GpuIndexFlat.cu" />
    <CudaCompile Include="GpuIndexIVF.cu" />
    <CudaCompile Include="GpuIndexIVFFlat.cu" />
    <CudaCompile Include="GpuIndexIVFPQ.cu" />
    <CudaCompile Include="utils\BlockSelectFloat.cu">
      <Filter>utils</Filter>
    </CudaCompile>
    <CudaCompile Include="utils\BlockSelectHalf.cu">
      <Filter>utils</Filter>
    </CudaCompile>
    <CudaCompile Include="utils\Float16.cu">
      <Filter>utils</Filter>
    </CudaCompile>
    <CudaCompile Include="utils\MatrixMult.cu">
      <Filter>utils</Filter>
    </CudaCompile>
    <CudaCompile Include="utils\WarpSelectFloat.cu">
      <Filter>utils</Filter>
    </CudaCompile>
    <CudaCompile Include="utils\WarpSelectHalf.cu">
      <Filter>utils</Filter>
    </CudaCompile>
    <CudaCompile Include="impl\BroadcastSum.cu">
      <Filter>impl</Filter>
    </CudaCompile>
    <CudaCompile Include="impl\Distance.cu">
      <Filter>impl</Filter>
    </CudaCompile>
    <CudaCompile Include="impl\FlatIndex.cu">
      <Filter>impl</Filter>
    </CudaCompile>
    <CudaCompile Include="impl\InvertedListAppend.cu">
      <Filter>impl</Filter>
    </CudaCompile>
    <CudaCompile Include="impl\IVFBase.cu">
      <Filter>impl</Filter>
    </CudaCompile>
    <CudaCompile Include="impl\IVFFlat.cu">
      <Filter>impl</Filter>
    </CudaCompile>
    <CudaCompile Include="impl\IVFFlatScan.cu">
      <Filter>impl</Filter>
    </CudaCompile>
    <CudaCompile Include="impl\IVFPQ.cu">
      <Filter>impl</Filter>
    </CudaCompile>
    <CudaCompile Include="impl\IVFUtils.cu">
      <Filter>impl</Filter>
    </CudaCompile>
    <CudaCompile Include="impl\IVFUtilsSelect1.cu">
      <Filter>impl</Filter>
    </CudaCompile>
    <CudaCompile Include="impl\IVFUtilsSelect2.cu">
      <Filter>impl</Filter>
    </CudaCompile>
    <CudaCompile Include="impl\L2Norm.cu">
      <Filter>impl</Filter>
    </CudaCompile>
    <CudaCompile Include="impl\L2Select.cu">
      <Filter>impl</Filter>
    </CudaCompile>
    <CudaCompile Include="impl\PQCodeDistances.cu">
      <Filter>impl</Filter>
    </CudaCompile>
    <CudaCompile Include="impl\PQScanMultiPassNoPrecomputed.cu">
      <Filter>impl</Filter>
    </CudaCompile>
    <CudaCompile Include="impl\PQScanMultiPassPrecomputed.cu">
      <Filter>impl</Filter>
    </CudaCompile>
    <CudaCompile Include="impl\VectorResidual.cu">
      <Filter>impl</Filter>
    </CudaCompile>
    <CudaCompile Include="utils\nvidia\fp16_emu.cu">
      <Filter>utils\nvidia</Filter>
    </CudaCompile>
    <CudaCompile Include="utils\blockselect\BlockSelectFloat1.cu">
      <Filter>utils\blockselect</Filter>
    </CudaCompile>
    <CudaCompile Include="utils\blockselect\BlockSelectFloat32.cu">
      <Filter>utils\blockselect</Filter>
    </CudaCompile>
    <CudaCompile Include="utils\blockselect\BlockSelectFloat64.cu">
      <Filter>utils\blockselect</Filter>
    </CudaCompile>
    <CudaCompile Include="utils\blockselect\BlockSelectFloat128.cu">
      <Filter>utils\blockselect</Filter>
    </CudaCompile>
    <CudaCompile Include="utils\blockselect\BlockSelectFloat256.cu">
      <Filter>utils\blockselect</Filter>
    </CudaCompile>
    <CudaCompile Include="utils\blockselect\BlockSelectFloatF512.cu">
      <Filter>utils\blockselect</Filter>
    </CudaCompile>
    <CudaCompile Include="utils\blockselect\BlockSelectFloatF1024.cu">
      <Filter>utils\blockselect</Filter>
    </CudaCompile>
    <CudaCompile Include="utils\blockselect\BlockSelectFloatT512.cu">
      <Filter>utils\blockselect</Filter>
    </CudaCompile>
    <CudaCompile Include="utils\blockselect\BlockSelectFloatT1024.cu">
      <Filter>utils\blockselect</Filter>
    </CudaCompile>
    <CudaCompile Include="utils\blockselect\BlockSelectHalf1.cu">
      <Filter>utils\blockselect</Filter>
    </CudaCompile>
    <CudaCompile Include="utils\blockselect\BlockSelectHalf32.cu">
      <Filter>utils\blockselect</Filter>
    </CudaCompile>
    <CudaCompile Include="utils\blockselect\BlockSelectHalf64.cu">
      <Filter>utils\blockselect</Filter>
    </CudaCompile>
    <CudaCompile Include="utils\blockselect\BlockSelectHalf128.cu">
      <Filter>utils\blockselect</Filter>
    </CudaCompile>
    <CudaCompile Include="utils\blockselect\BlockSelectHalf256.cu">
      <Filter>utils\blockselect</Filter>
    </CudaCompile>
    <CudaCompile Include="utils\blockselect\BlockSelectHalfF512.cu">
      <Filter>utils\blockselect</Filter>
    </CudaCompile>
    <CudaCompile Include="utils\blockselect\BlockSelectHalfF1024.cu">
      <Filter>utils\blockselect</Filter>
    </CudaCompile>
    <CudaCompile Include="utils\blockselect\BlockSelectHalfT512.cu">
      <Filter>utils\blockselect</Filter>
    </CudaCompile>
    <CudaCompile Include="utils\blockselect\BlockSelectHalfT1024.cu">
      <Filter>utils\blockselect</Filter>
    </CudaCompile>
  </ItemGroup>
  <ItemGroup>
    <ClCompile Include="GpuAutoTune.cpp" />
    <ClCompile Include="GpuClonerOptions.cpp" />
    <ClCompile Include="GpuResources.cpp" />
    <ClCompile Include="IndexProxy.cpp" />
    <ClCompile Include="StandardGpuResources.cpp" />
    <ClCompile Include="utils\DeviceMemory.cpp">
      <Filter>utils</Filter>
    </ClCompile>
    <ClCompile Include="utils\DeviceUtils.cpp">
      <Filter>utils</Filter>
    </ClCompile>
    <ClCompile Include="utils\MemorySpace.cpp">
      <Filter>utils</Filter>
    </ClCompile>
    <ClCompile Include="utils\StackDeviceMemory.cpp">
      <Filter>utils</Filter>
    </ClCompile>
    <ClCompile Include="utils\Timer.cpp">
      <Filter>utils</Filter>
    </ClCompile>
    <ClCompile Include="utils\WorkerThread.cpp">
      <Filter>utils</Filter>
    </ClCompile>
    <ClCompile Include="impl\RemapIndices.cpp">
      <Filter>impl</Filter>
    </ClCompile>
  </ItemGroup>
  <ItemGroup>
    <ClInclude Include="GpuAutoTune.h" />
    <ClInclude Include="GpuClonerOptions.h" />
    <ClInclude Include="GpuFaissAssert.h" />
    <ClInclude Include="GpuIndex.h" />
    <ClInclude Include="GpuIndexFlat.h" />
    <ClInclude Include="GpuIndexIVF.h" />
    <ClInclude Include="GpuIndexIVFFlat.h" />
    <ClInclude Include="GpuIndexIVFPQ.h" />
    <ClInclude Include="GpuIndicesOptions.h" />
    <ClInclude Include="GpuResources.h" />
    <ClInclude Include="IndexProxy.h" />
    <ClInclude Include="StandardGpuResources.h" />
    <ClInclude Include="utils\BlockSelectKernel.cuh">
      <Filter>utils</Filter>
    </ClInclude>
    <ClInclude Include="utils\Comparators.cuh">
      <Filter>utils</Filter>
    </ClInclude>
    <ClInclude Include="utils\ConversionOperators.cuh">
      <Filter>utils</Filter>
    </ClInclude>
    <ClInclude Include="utils\CopyUtils.cuh">
      <Filter>utils</Filter>
    </ClInclude>
    <ClInclude Include="utils\DeviceDefs.cuh">
      <Filter>utils</Filter>
    </ClInclude>
    <ClInclude Include="utils\DeviceMemory.h">
      <Filter>utils</Filter>
    </ClInclude>
    <ClInclude Include="utils\DeviceTensor.cuh">
      <Filter>utils</Filter>
    </ClInclude>
    <ClInclude Include="utils\DeviceTensor-inl.cuh">
      <Filter>utils</Filter>
    </ClInclude>
    <ClInclude Include="utils\DeviceUtils.h">
      <Filter>utils</Filter>
    </ClInclude>
    <ClInclude Include="utils\DeviceVector.cuh">
      <Filter>utils</Filter>
    </ClInclude>
    <ClInclude Include="utils\Float16.cuh">
      <Filter>utils</Filter>
    </ClInclude>
    <ClInclude Include="utils\HostTensor.cuh">
      <Filter>utils</Filter>
    </ClInclude>
    <ClInclude Include="utils\HostTensor-inl.cuh">
      <Filter>utils</Filter>
    </ClInclude>
    <ClInclude Include="utils\Limits.cuh">
      <Filter>utils</Filter>
    </ClInclude>
    <ClInclude Include="utils\LoadStoreOperators.cuh">
      <Filter>utils</Filter>
    </ClInclude>
    <ClInclude Include="utils\MathOperators.cuh">
      <Filter>utils</Filter>
    </ClInclude>
    <ClInclude Include="utils\MatrixMult.cuh">
      <Filter>utils</Filter>
    </ClInclude>
    <ClInclude Include="utils\MemorySpace.h">
      <Filter>utils</Filter>
    </ClInclude>
    <ClInclude Include="utils\MergeNetworkBlock.cuh">
      <Filter>utils</Filter>
    </ClInclude>
    <ClInclude Include="utils\MergeNetworkUtils.cuh">
      <Filter>utils</Filter>
    </ClInclude>
    <ClInclude Include="utils\MergeNetworkWarp.cuh">
      <Filter>utils</Filter>
    </ClInclude>
    <ClInclude Include="utils\NoTypeTensor.cuh">
      <Filter>utils</Filter>
    </ClInclude>
    <ClInclude Include="utils\Pair.cuh">
      <Filter>utils</Filter>
    </ClInclude>
    <ClInclude Include="utils\PtxUtils.cuh">
      <Filter>utils</Filter>
    </ClInclude>
    <ClInclude Include="utils\ReductionOperators.cuh">
      <Filter>utils</Filter>
    </ClInclude>
    <ClInclude Include="utils\Reductions.cuh">
      <Filter>utils</Filter>
    </ClInclude>
    <ClInclude Include="utils\Select.cuh">
      <Filter>utils</Filter>
    </ClInclude>
    <ClInclude Include="utils\StackDeviceMemory.h">
      <Filter>utils</Filter>
    </ClInclude>
    <ClInclude Include="utils\StaticUtils.h">
      <Filter>utils</Filter>
    </ClInclude>
    <ClInclude Include="utils\Tensor.cuh">
      <Filter>utils</Filter>
    </ClInclude>
    <ClInclude Include="utils\Tensor-inl.cuh">
      <Filter>utils</Filter>
    </ClInclude>
    <ClInclude Include="utils\ThrustAllocator.cuh">
      <Filter>utils</Filter>
    </ClInclude>
    <ClInclude Include="utils\Timer.h">
      <Filter>utils</Filter>
    </ClInclude>
    <ClInclude Include="utils\Transpose.cuh">
      <Filter>utils</Filter>
    </ClInclude>
    <ClInclude Include="utils\WarpSelectKernel.cuh">
      <Filter>utils</Filter>
    </ClInclude>
    <ClInclude Include="utils\WarpShuffles.cuh">
      <Filter>utils</Filter>
    </ClInclude>
    <ClInclude Include="utils\WorkerThread.h">
      <Filter>utils</Filter>
    </ClInclude>
    <ClInclude Include="impl\BroadcastSum.cuh">
      <Filter>impl</Filter>
    </ClInclude>
    <ClInclude Include="impl\Distance.cuh">
      <Filter>impl</Filter>
    </ClInclude>
    <ClInclude Include="impl\FlatIndex.cuh">
      <Filter>impl</Filter>
    </ClInclude>
    <ClInclude Include="impl\InvertedListAppend.cuh">
      <Filter>impl</Filter>
    </ClInclude>
    <ClInclude Include="impl\IVFBase.cuh">
      <Filter>impl</Filter>
    </ClInclude>
    <ClInclude Include="impl\IVFFlat.cuh">
      <Filter>impl</Filter>
    </ClInclude>
    <ClInclude Include="impl\IVFFlatScan.cuh">
      <Filter>impl</Filter>
    </ClInclude>
    <ClInclude Include="impl\IVFPQ.cuh">
      <Filter>impl</Filter>
    </ClInclude>
    <ClInclude Include="impl\IVFUtils.cuh">
      <Filter>impl</Filter>
    </ClInclude>
    <ClInclude Include="impl\L2Norm.cuh">
      <Filter>impl</Filter>
    </ClInclude>
    <ClInclude Include="impl\L2Select.cuh">
      <Filter>impl</Filter>
    </ClInclude>
    <ClInclude Include="impl\PQCodeDistances.cuh">
      <Filter>impl</Filter>
    </ClInclude>
    <ClInclude Include="impl\PQCodeLoad.cuh">
      <Filter>impl</Filter>
    </ClInclude>
    <ClInclude Include="impl\PQScanMultiPassNoPrecomputed.cuh">
      <Filter>impl</Filter>
    </ClInclude>
    <ClInclude Include="impl\PQScanMultiPassPrecomputed.cuh">
      <Filter>impl</Filter>
    </ClInclude>
    <ClInclude Include="impl\RemapIndices.h">
      <Filter>impl</Filter>
    </ClInclude>
    <ClInclude Include="impl\VectorResidual.cuh">
      <Filter>impl</Filter>
    </ClInclude>
    <ClInclude Include="utils\nvidia\fp16_emu.cuh">
      <Filter>utils\nvidia</Filter>
    </ClInclude>
    <ClInclude Include="utils\blockselect\BlockSelectImpl.cuh">
      <Filter>utils\blockselect</Filter>
    </ClInclude>
  </ItemGroup>
  <ItemGroup>
    <Filter Include="utils">
      <UniqueIdentifier>{adfce051-503d-42c8-a2fc-40a97bac1b4d}</UniqueIdentifier>
    </Filter>
    <Filter Include="impl">
      <UniqueIdentifier>{7cd1de0b-b0ec-4205-8215-0af530fc4627}</UniqueIdentifier>
    </Filter>
    <Filter Include="utils\nvidia">
      <UniqueIdentifier>{ed7052ba-f671-49dc-8f4b-3afa70825baa}</UniqueIdentifier>
    </Filter>
    <Filter Include="utils\blockselect">
      <UniqueIdentifier>{aa8467a8-9a45-4cd5-a16a-1b1c6bfd52a3}</UniqueIdentifier>
    </Filter>
  </ItemGroup>
</Project>